%{"bunt": {:hex, :bunt, "0.2.0", "951c6e801e8b1d2cbe58ebbd3e616a869061ddadcc4863d0a2182541acae9a38", [], [], "hexpm"},
  "credo": {:hex, :credo, "0.8.5", "3002d41c8a9452bd69cb1c217a6e17bf6fd9d8549932fe9f99a51646587c2a65", [], [{:bunt, "~> 0.2.0", [hex: :bunt, repo: "hexpm", optional: false]}], "hexpm"},
  "dialyxir": {:hex, :dialyxir, "0.5.1", "b331b091720fd93e878137add264bac4f644e1ddae07a70bf7062c7862c4b952", [], [], "hexpm"}}
